{
    "_meta": {
        "hash": {
            "sha256": "486c746579883322d3262822bc469baa37539044b404b560eb69f2c45f721c06"
        },
        "pipfile-spec": 6,
        "requires": {
            "python_version": "3.12"
        },
        "sources": [
            {
                "name": "pypi",
                "url": "https://pypi.org/simple",
                "verify_ssl": true
            }
        ]
    },
    "default": {},
    "develop": {}
}
