{
    "_meta": {
        "hash": {
            "sha256": "b75a135ede99cb22d579aa855b2800c0d892e7b073d791c356ca2c88abe0ce4b"
        },
        "pipfile-spec": 6,
        "requires": {
            "python_version": "3.11"
        },
        "sources": [
            {
                "name": "pypi",
                "url": "https://pypi.org/simple",
                "verify_ssl": true
            }
        ]
    },
    "default": {},
    "develop": {}
}
